
Microsoft Visual Studio Solution File, Format Version 12.00
# Visual Studio Version 16
VisualStudioVersion = 16.0.29709.97
MinimumVisualStudioVersion = 10.0.40219.1
Project("{FAE04EC0-301F-11D3-BF4B-00C04F79EFBC}") = "Broker", "Broker\Broker.csproj", "{618EEC43-1D90-42EE-80AF-44FB2FF39D1B}"
EndProject
Project("{FAE04EC0-301F-11D3-BF4B-00C04F79EFBC}") = "Client", "Client\Client.csproj", "{FEED696F-41C6-45DB-885B-3AF7590FF9D2}"
EndProject
Project("{FAE04EC0-301F-11D3-BF4B-00C04F79EFBC}") = "Common", "Common\Common.csproj", "{8A8E0026-DE47-4CB3-9641-978F517B6844}"
EndProject
Global
	GlobalSection(SolutionConfigurationPlatforms) = preSolution
		Debug|Any CPU = Debug|Any CPU
		Release|Any CPU = Release|Any CPU
	EndGlobalSection
	GlobalSection(ProjectConfigurationPlatforms) = postSolution
		{618EEC43-1D90-42EE-80AF-44FB2FF39D1B}.Debug|Any CPU.ActiveCfg = Debug|Any CPU
		{618EEC43-1D90-42EE-80AF-44FB2FF39D1B}.Debug|Any CPU.Build.0 = Debug|Any CPU
		{618EEC43-1D90-42EE-80AF-44FB2FF39D1B}.Release|Any CPU.ActiveCfg = Release|Any CPU
		{618EEC43-1D90-42EE-80AF-44FB2FF39D1B}.Release|Any CPU.Build.0 = Release|Any CPU
		{FEED696F-41C6-45DB-885B-3AF7590FF9D2}.Debug|Any CPU.ActiveCfg = Debug|Any CPU
		{FEED696F-41C6-45DB-885B-3AF7590FF9D2}.Debug|Any CPU.Build.0 = Debug|Any CPU
		{FEED696F-41C6-45DB-885B-3AF7590FF9D2}.Release|Any CPU.ActiveCfg = Release|Any CPU
		{FEED696F-41C6-45DB-885B-3AF7590FF9D2}.Release|Any CPU.Build.0 = Release|Any CPU
		{8A8E0026-DE47-4CB3-9641-978F517B6844}.Debug|Any CPU.ActiveCfg = Debug|Any CPU
		{8A8E0026-DE47-4CB3-9641-978F517B6844}.Debug|Any CPU.Build.0 = Debug|Any CPU
		{8A8E0026-DE47-4CB3-9641-978F517B6844}.Release|Any CPU.ActiveCfg = Release|Any CPU
		{8A8E0026-DE47-4CB3-9641-978F517B6844}.Release|Any CPU.Build.0 = Release|Any CPU
	EndGlobalSection
	GlobalSection(SolutionProperties) = preSolution
		HideSolutionNode = FALSE
	EndGlobalSection
	GlobalSection(ExtensibilityGlobals) = postSolution
		SolutionGuid = {02498E54-9854-409B-9ADA-95732B1EA676}
	EndGlobalSection
EndGlobal
