
Microsoft Visual Studio Solution File, Format Version 12.00
# Visual Studio Version 16
VisualStudioVersion = 16.0.29709.97
MinimumVisualStudioVersion = 10.0.40219.1
Project("{FAE04EC0-301F-11D3-BF4B-00C04F79EFBC}") = "Broker", "Broker\Broker.csproj", "{575F0B93-E620-474D-A80F-79380D3488DD}"
EndProject
Project("{FAE04EC0-301F-11D3-BF4B-00C04F79EFBC}") = "Client", "Client\Client.csproj", "{20A1E7AC-5560-486C-8AE1-8A4FD8B296C0}"
EndProject
Project("{FAE04EC0-301F-11D3-BF4B-00C04F79EFBC}") = "Common", "Common\Common.csproj", "{0CB20144-9D24-47B3-BB5C-D9A0F86AB1BA}"
EndProject
Project("{FAE04EC0-301F-11D3-BF4B-00C04F79EFBC}") = "DevelopmentConsole", "DevelopmentConsole\DevelopmentConsole.csproj", "{1CBC82CA-6BB4-4151-A8B7-4A09CCCE10DB}"
EndProject
Project("{FAE04EC0-301F-11D3-BF4B-00C04F79EFBC}") = "UnitTests", "UnitTests\UnitTests.csproj", "{A7CBD5FC-1F79-42B8-9266-A2254FB201CB}"
EndProject
Global
	GlobalSection(SolutionConfigurationPlatforms) = preSolution
		Debug|Any CPU = Debug|Any CPU
		Release|Any CPU = Release|Any CPU
	EndGlobalSection
	GlobalSection(ProjectConfigurationPlatforms) = postSolution
		{575F0B93-E620-474D-A80F-79380D3488DD}.Debug|Any CPU.ActiveCfg = Debug|Any CPU
		{575F0B93-E620-474D-A80F-79380D3488DD}.Debug|Any CPU.Build.0 = Debug|Any CPU
		{575F0B93-E620-474D-A80F-79380D3488DD}.Release|Any CPU.ActiveCfg = Release|Any CPU
		{575F0B93-E620-474D-A80F-79380D3488DD}.Release|Any CPU.Build.0 = Release|Any CPU
		{20A1E7AC-5560-486C-8AE1-8A4FD8B296C0}.Debug|Any CPU.ActiveCfg = Debug|Any CPU
		{20A1E7AC-5560-486C-8AE1-8A4FD8B296C0}.Debug|Any CPU.Build.0 = Debug|Any CPU
		{20A1E7AC-5560-486C-8AE1-8A4FD8B296C0}.Release|Any CPU.ActiveCfg = Release|Any CPU
		{20A1E7AC-5560-486C-8AE1-8A4FD8B296C0}.Release|Any CPU.Build.0 = Release|Any CPU
		{0CB20144-9D24-47B3-BB5C-D9A0F86AB1BA}.Debug|Any CPU.ActiveCfg = Debug|Any CPU
		{0CB20144-9D24-47B3-BB5C-D9A0F86AB1BA}.Debug|Any CPU.Build.0 = Debug|Any CPU
		{0CB20144-9D24-47B3-BB5C-D9A0F86AB1BA}.Release|Any CPU.ActiveCfg = Release|Any CPU
		{0CB20144-9D24-47B3-BB5C-D9A0F86AB1BA}.Release|Any CPU.Build.0 = Release|Any CPU
		{1CBC82CA-6BB4-4151-A8B7-4A09CCCE10DB}.Debug|Any CPU.ActiveCfg = Debug|Any CPU
		{1CBC82CA-6BB4-4151-A8B7-4A09CCCE10DB}.Debug|Any CPU.Build.0 = Debug|Any CPU
		{1CBC82CA-6BB4-4151-A8B7-4A09CCCE10DB}.Release|Any CPU.ActiveCfg = Release|Any CPU
		{1CBC82CA-6BB4-4151-A8B7-4A09CCCE10DB}.Release|Any CPU.Build.0 = Release|Any CPU
		{A7CBD5FC-1F79-42B8-9266-A2254FB201CB}.Debug|Any CPU.ActiveCfg = Debug|Any CPU
		{A7CBD5FC-1F79-42B8-9266-A2254FB201CB}.Debug|Any CPU.Build.0 = Debug|Any CPU
		{A7CBD5FC-1F79-42B8-9266-A2254FB201CB}.Release|Any CPU.ActiveCfg = Release|Any CPU
		{A7CBD5FC-1F79-42B8-9266-A2254FB201CB}.Release|Any CPU.Build.0 = Release|Any CPU
	EndGlobalSection
	GlobalSection(SolutionProperties) = preSolution
		HideSolutionNode = FALSE
	EndGlobalSection
	GlobalSection(ExtensibilityGlobals) = postSolution
		SolutionGuid = {02498E54-9854-409B-9ADA-95732B1EA676}
	EndGlobalSection
EndGlobal
